// !$*UTF8*$!
{
	archiveVersion = 1;
	classes = {
	};
	objectVersion = 46;
	objects = {

/* Begin PBXBuildFile section */
		D7E0BA8A1EB74404002830C0 /* AppDelegate.swift in Sources */ = {isa = PBXBuildFile; fileRef = D7E0BA891EB74404002830C0 /* AppDelegate.swift */; };
		D7E0BA8C1EB74404002830C0 /* ViewController.swift in Sources */ = {isa = PBXBuildFile; fileRef = D7E0BA8B1EB74404002830C0 /* ViewController.swift */; };
		D7E0BA8F1EB74404002830C0 /* Main.storyboard in Resources */ = {isa = PBXBuildFile; fileRef = D7E0BA8D1EB74404002830C0 /* Main.storyboard */; };
		D7E0BA911EB74404002830C0 /* Assets.xcassets in Resources */ = {isa = PBXBuildFile; fileRef = D7E0BA901EB74404002830C0 /* Assets.xcassets */; };
		D7E0BA941EB74404002830C0 /* LaunchScreen.storyboard in Resources */ = {isa = PBXBuildFile; fileRef = D7E0BA921EB74404002830C0 /* LaunchScreen.storyboard */; };
/* End PBXBuildFile section */

/* Begin PBXFileReference section */
		D7E0BA861EB74403002830C0 /* devslopesTest.app */ = {isa = PBXFileReference; explicitFileType = wrapper.application; includeInIndex = 0; path = devslopesTest.app; sourceTree = BUILT_PRODUCTS_DIR; };
		D7E0BA891EB74404002830C0 /* AppDelegate.swift */ = {isa = PBXFileReference; lastKnownFileType = sourcecode.swift; path = AppDelegate.swift; sourceTree = "<group>"; };
		D7E0BA8B1EB74404002830C0 /* ViewController.swift */ = {isa = PBXFileReference; lastKnownFileType = sourcecode.swift; path = ViewController.swift; sourceTree = "<group>"; };
		D7E0BA8E1EB74404002830C0 /* Base */ = {isa = PBXFileReference; lastKnownFileType = file.storyboard; name = Base; path = Base.lproj/Main.storyboard; sourceTree = "<group>"; };
		D7E0BA901EB74404002830C0 /* Assets.xcassets */ = {isa = PBXFileReference; lastKnownFileType = folder.assetcatalog; path = Assets.xcassets; sourceTree = "<group>"; };
		D7E0BA931EB74404002830C0 /* Base */ = {isa = PBXFileReference; lastKnownFileType = file.storyboard; name = Base; path = Base.lproj/LaunchScreen.storyboard; sourceTree = "<group>"; };
		D7E0BA951EB74404002830C0 /* Info.plist */ = {isa = PBXFileReference; lastKnownFileType = text.plist.xml; path = Info.plist; sourceTree = "<group>"; };
/* End PBXFileReference section */

/* Begin PBXFrameworksBuildPhase section */
		D7E0BA831EB74403002830C0 /* Frameworks */ = {
			isa = PBXFrameworksBuildPhase;
			buildActionMask = 2147483647;
			files = (
			);
			runOnlyForDeploymentPostprocessing = 0;
		};
/* End PBXFrameworksBuildPhase section */

/* Begin PBXGroup section */
		D7E0BA7D1EB74403002830C0 = {
			isa = PBXGroup;
			children = (
				D7E0BA881EB74403002830C0 /* devslopesTest */,
				D7E0BA871EB74403002830C0 /* Products */,
			);
			sourceTree = "<group>";
		};
		D7E0BA871EB74403002830C0 /* Products */ = {
			isa = PBXGroup;
			children = (
				D7E0BA861EB74403002830C0 /* devslopesTest.app */,
			);
			name = Products;
			sourceTree = "<group>";
		};
		D7E0BA881EB74403002830C0 /* devslopesTest */ = {
			isa = PBXGroup;
			children = (
				D7E0BA891EB74404002830C0 /* AppDelegate.swift */,
				D7E0BA8B1EB74404002830C0 /* ViewController.swift */,
				D7E0BA8D1EB74404002830C0 /* Main.storyboard */,
				D7E0BA901EB74404002830C0 /* Assets.xcassets */,
				D7E0BA921EB74404002830C0 /* LaunchScreen.storyboard */,
				D7E0BA951EB74404002830C0 /* Info.plist */,
			);
			path = devslopesTest;
			sourceTree = "<group>";
		};
/* End PBXGroup section */

/* Begin PBXNativeTarget section */
		D7E0BA851EB74403002830C0 /* devslopesTest */ = {
			isa = PBXNativeTarget;
			buildConfigurationList = D7E0BA981EB74404002830C0 /* Build configuration list for PBXNativeTarget "devslopesTest" */;
			buildPhases = (
				D7E0BA821EB74403002830C0 /* Sources */,
				D7E0BA831EB74403002830C0 /* Frameworks */,
				D7E0BA841EB74403002830C0 /* Resources */,
			);
			buildRules = (
			);
			dependencies = (
			);
			name = devslopesTest;
			productName = devslopesTest;
			productReference = D7E0BA861EB74403002830C0 /* devslopesTest.app */;
			productType = "com.apple.product-type.application";
		};
/* End PBXNativeTarget section */

/* Begin PBXProject section */
		D7E0BA7E1EB74403002830C0 /* Project object */ = {
			isa = PBXProject;
			attributes = {
				LastSwiftUpdateCheck = 0830;
				LastUpgradeCheck = 0830;
				ORGANIZATIONNAME = "Colin McArthur";
				TargetAttributes = {
					D7E0BA851EB74403002830C0 = {
						CreatedOnToolsVersion = 8.3.2;
						ProvisioningStyle = Automatic;
					};
				};
			};
			buildConfigurationList = D7E0BA811EB74403002830C0 /* Build configuration list for PBXProject "devslopesTest" */;
			compatibilityVersion = "Xcode 3.2";
			developmentRegion = English;
			hasScannedForEncodings = 0;
			knownRegions = (
				en,
				Base,
			);
			mainGroup = D7E0BA7D1EB74403002830C0;
			productRefGroup = D7E0BA871EB74403002830C0 /* Products */;
			projectDirPath = "";
			projectRoot = "";
			targets = (
				D7E0BA851EB74403002830C0 /* devslopesTest */,
			);
		};
/* End PBXProject section */

/* Begin PBXResourcesBuildPhase section */
		D7E0BA841EB74403002830C0 /* Resources */ = {
			isa = PBXResourcesBuildPhase;
			buildActionMask = 2147483647;
			files = (
				D7E0BA941EB74404002830C0 /* LaunchScreen.storyboard in Resources */,
				D7E0BA911EB74404002830C0 /* Assets.xcassets in Resources */,
				D7E0BA8F1EB74404002830C0 /* Main.storyboard in Resources */,
			);
			runOnlyForDeploymentPostprocessing = 0;
		};
/* End PBXResourcesBuildPhase section */

/* Begin PBXSourcesBuildPhase section */
		D7E0BA821EB74403002830C0 /* Sources */ = {
			isa = PBXSourcesBuildPhase;
			buildActionMask = 2147483647;
			files = (
				D7E0BA8C1EB74404002830C0 /* ViewController.swift in Sources */,
				D7E0BA8A1EB74404002830C0 /* AppDelegate.swift in Sources */,
			);
			runOnlyForDeploymentPostprocessing = 0;
		};
/* End PBXSourcesBuildPhase section */

/* Begin PBXVariantGroup section */
		D7E0BA8D1EB74404002830C0 /* Main.storyboard */ = {
			isa = PBXVariantGroup;
			children = (
				D7E0BA8E1EB74404002830C0 /* Base */,
			);
			name = Main.storyboard;
			sourceTree = "<group>";
		};
		D7E0BA921EB74404002830C0 /* LaunchScreen.storyboard */ = {
			isa = PBXVariantGroup;
			children = (
				D7E0BA931EB74404002830C0 /* Base */,
			);
			name = LaunchScreen.storyboard;
			sourceTree = "<group>";
		};
/* End PBXVariantGroup section */

/* Begin XCBuildConfiguration section */
		D7E0BA961EB74404002830C0 /* Debug */ = {
			isa = XCBuildConfiguration;
			buildSettings = {
				ALWAYS_SEARCH_USER_PATHS = NO;
				CLANG_ANALYZER_NONNULL = YES;
				CLANG_ANALYZER_NUMBER_OBJECT_CONVERSION = YES_AGGRESSIVE;
				CLANG_CXX_LANGUAGE_STANDARD = "gnu++0x";
				CLANG_CXX_LIBRARY = "libc++";
				CLANG_ENABLE_MODULES = YES;
				CLANG_ENABLE_OBJC_ARC = YES;
				CLANG_WARN_BOOL_CONVERSION = YES;
				CLANG_WARN_CONSTANT_CONVERSION = YES;
				CLANG_WARN_DIRECT_OBJC_ISA_USAGE = YES_ERROR;
				CLANG_WARN_DOCUMENTATION_COMMENTS = YES;
				CLANG_WARN_EMPTY_BODY = YES;
				CLANG_WARN_ENUM_CONVERSION = YES;
				CLANG_WARN_INFINITE_RECURSION = YES;
				CLANG_WARN_INT_CONVERSION = YES;
				CLANG_WARN_OBJC_ROOT_CLASS = YES_ERROR;
				CLANG_WARN_SUSPICIOUS_MOVE = YES;
				CLANG_WARN_UNREACHABLE_CODE = YES;
				CLANG_WARN__DUPLICATE_METHOD_MATCH = YES;
				"CODE_SIGN_IDENTITY[sdk=iphoneos*]" = "iPhone Developer";
				COPY_PHASE_STRIP = NO;
				DEBUG_INFORMATION_FORMAT = dwarf;
				ENABLE_STRICT_OBJC_MSGSEND = YES;
				ENABLE_TESTABILITY = YES;
				GCC_C_LANGUAGE_STANDARD = gnu99;
				GCC_DYNAMIC_NO_PIC = NO;
				GCC_NO_COMMON_BLOCKS = YES;
				GCC_OPTIMIZATION_LEVEL = 0;
				GCC_PREPROCESSOR_DEFINITIONS = (
					"DEBUG=1",
					"$(inherited)",
				);
				GCC_WARN_64_TO_32_BIT_CONVERSION = YES;
				GCC_WARN_ABOUT_RETURN_TYPE = YES_ERROR;
				GCC_WARN_UNDECLARED_SELECTOR = YES;
				GCC_WARN_UNINITIALIZED_AUTOS = YES_AGGRESSIVE;
				GCC_WARN_UNUSED_FUNCTION = YES;
				GCC_WARN_UNUSED_VARIABLE = YES;
				IPHONEOS_DEPLOYMENT_TARGET = 10.3;
				MTL_ENABLE_DEBUG_INFO = YES;
				ONLY_ACTIVE_ARCH = YES;
				SDKROOT = iphoneos;
				SWIFT_ACTIVE_COMPILATION_CONDITIONS = DEBUG;
				SWIFT_OPTIMIZATION_LEVEL = "-Onone";
				TARGETED_DEVICE_FAMILY = "1,2";
			};
			name = Debug;
		};
		D7E0BA971EB74404002830C0 /* Release */ = {
			isa = XCBuildConfiguration;
			buildSettings = {
				ALWAYS_SEARCH_USER_PATHS = NO;
				CLANG_ANALYZER_NONNULL = YES;
				CLANG_ANALYZER_NUMBER_OBJECT_CONVERSION = YES_AGGRESSIVE;
				CLANG_CXX_LANGUAGE_STANDARD = "gnu++0x";
				CLANG_CXX_LIBRARY = "libc++";
				CLANG_ENABLE_MODULES = YES;
				CLANG_ENABLE_OBJC_ARC = YES;
				CLANG_WARN_BOOL_CONVERSION = YES;
				CLANG_WARN_CONSTANT_CONVERSION = YES;
				CLANG_WARN_DIRECT_OBJC_ISA_USAGE = YES_ERROR;
				CLANG_WARN_DOCUMENTATION_COMMENTS = YES;
				CLANG_WARN_EMPTY_BODY = YES;
				CLANG_WARN_ENUM_CONVERSION = YES;
				CLANG_WARN_INFINITE_RECURSION = YES;
				CLANG_WARN_INT_CONVERSION = YES;
				CLANG_WARN_OBJC_ROOT_CLASS = YES_ERROR;
				CLANG_WARN_SUSPICIOUS_MOVE = YES;
				CLANG_WARN_UNREACHABLE_CODE = YES;
				CLANG_WARN__DUPLICATE_METHOD_MATCH = YES;
				"CODE_SIGN_IDENTITY[sdk=iphoneos*]" = "iPhone Developer";
				COPY_PHASE_STRIP = NO;
				DEBUG_INFORMATION_FORMAT = "dwarf-with-dsym";
				ENABLE_NS_ASSERTIONS = NO;
				ENABLE_STRICT_OBJC_MSGSEND = YES;
				GCC_C_LANGUAGE_STANDARD = gnu99;
				GCC_NO_COMMON_BLOCKS = YES;
				GCC_WARN_64_TO_32_BIT_CONVERSION = YES;
				GCC_WARN_ABOUT_RETURN_TYPE = YES_ERROR;
				GCC_WARN_UNDECLARED_SELECTOR = YES;
				GCC_WARN_UNINITIALIZED_AUTOS = YES_AGGRESSIVE;
				GCC_WARN_UNUSED_FUNCTION = YES;
				GCC_WARN_UNUSED_VARIABLE = YES;
				IPHONEOS_DEPLOYMENT_TARGET = 10.3;
				MTL_ENABLE_DEBUG_INFO = NO;
				SDKROOT = iphoneos;
				SWIFT_OPTIMIZATION_LEVEL = "-Owholemodule";
				TARGETED_DEVICE_FAMILY = "1,2";
				VALIDATE_PRODUCT = YES;
			};
			name = Release;
		};
		D7E0BA991EB74404002830C0 /* Debug */ = {
			isa = XCBuildConfiguration;
			buildSettings = {
				ASSETCATALOG_COMPILER_APPICON_NAME = AppIcon;
				INFOPLIST_FILE = devslopesTest/Info.plist;
				LD_RUNPATH_SEARCH_PATHS = "$(inherited) @executable_path/Frameworks";
				PRODUCT_BUNDLE_IDENTIFIER = com.mac.mcarthur.colin.devslopesTest;
				PRODUCT_NAME = "$(TARGET_NAME)";
				SWIFT_VERSION = 3.0;
			};
			name = Debug;
		};
		D7E0BA9A1EB74404002830C0 /* Release */ = {
			isa = XCBuildConfiguration;
			buildSettings = {
				ASSETCATALOG_COMPILER_APPICON_NAME = AppIcon;
				INFOPLIST_FILE = devslopesTest/Info.plist;
				LD_RUNPATH_SEARCH_PATHS = "$(inherited) @executable_path/Frameworks";
				PRODUCT_BUNDLE_IDENTIFIER = com.mac.mcarthur.colin.devslopesTest;
				PRODUCT_NAME = "$(TARGET_NAME)";
				SWIFT_VERSION = 3.0;
			};
			name = Release;
		};
/* End XCBuildConfiguration section */

/* Begin XCConfigurationList section */
		D7E0BA811EB74403002830C0 /* Build configuration list for PBXProject "devslopesTest" */ = {
			isa = XCConfigurationList;
			buildConfigurations = (
				D7E0BA961EB74404002830C0 /* Debug */,
				D7E0BA971EB74404002830C0 /* Release */,
			);
			defaultConfigurationIsVisible = 0;
			defaultConfigurationName = Release;
		};
		D7E0BA981EB74404002830C0 /* Build configuration list for PBXNativeTarget "devslopesTest" */ = {
			isa = XCConfigurationList;
			buildConfigurations = (
				D7E0BA991EB74404002830C0 /* Debug */,
				D7E0BA9A1EB74404002830C0 /* Release */,
			);
			defaultConfigurationIsVisible = 0;
		};
/* End XCConfigurationList section */
	};
	rootObject = D7E0BA7E1EB74403002830C0 /* Project object */;
}
